
Microsoft Visual Studio Solution File, Format Version 12.00
# Visual Studio Version 17
VisualStudioVersion = 17.7.34031.279
MinimumVisualStudioVersion = 10.0.40219.1
Project("{FAE04EC0-301F-11D3-BF4B-00C04F79EFBC}") = "poke-api", "poke-api.csproj", "{8D75414E-8A00-4765-BDAE-1B773FF21AF6}"
EndProject
Global
	GlobalSection(SolutionConfigurationPlatforms) = preSolution
		Debug|Any CPU = Debug|Any CPU
		Release|Any CPU = Release|Any CPU
	EndGlobalSection
	GlobalSection(ProjectConfigurationPlatforms) = postSolution
		{8D75414E-8A00-4765-BDAE-1B773FF21AF6}.Debug|Any CPU.ActiveCfg = Debug|Any CPU
		{8D75414E-8A00-4765-BDAE-1B773FF21AF6}.Debug|Any CPU.Build.0 = Debug|Any CPU
		{8D75414E-8A00-4765-BDAE-1B773FF21AF6}.Release|Any CPU.ActiveCfg = Release|Any CPU
		{8D75414E-8A00-4765-BDAE-1B773FF21AF6}.Release|Any CPU.Build.0 = Release|Any CPU
	EndGlobalSection
	GlobalSection(SolutionProperties) = preSolution
		HideSolutionNode = FALSE
	EndGlobalSection
	GlobalSection(ExtensibilityGlobals) = postSolution
		SolutionGuid = {72165166-9C5A-4388-994C-C84E0DB10D78}
	EndGlobalSection
EndGlobal
